
Microsoft Visual Studio Solution File, Format Version 12.00
# Visual Studio Version 17
VisualStudioVersion = 17.5.002.0
MinimumVisualStudioVersion = 10.0.40219.1
Project("{9A19103F-16F7-4668-BE54-9A1E7A4F7556}") = "Orden secuencial", "Orden secuencial.csproj", "{F84C67B4-BF4E-4720-BF5B-5207E042B6BD}"
EndProject
Global
	GlobalSection(SolutionConfigurationPlatforms) = preSolution
		Debug|Any CPU = Debug|Any CPU
		Release|Any CPU = Release|Any CPU
	EndGlobalSection
	GlobalSection(ProjectConfigurationPlatforms) = postSolution
		{F84C67B4-BF4E-4720-BF5B-5207E042B6BD}.Debug|Any CPU.ActiveCfg = Debug|Any CPU
		{F84C67B4-BF4E-4720-BF5B-5207E042B6BD}.Debug|Any CPU.Build.0 = Debug|Any CPU
		{F84C67B4-BF4E-4720-BF5B-5207E042B6BD}.Release|Any CPU.ActiveCfg = Release|Any CPU
		{F84C67B4-BF4E-4720-BF5B-5207E042B6BD}.Release|Any CPU.Build.0 = Release|Any CPU
	EndGlobalSection
	GlobalSection(SolutionProperties) = preSolution
		HideSolutionNode = FALSE
	EndGlobalSection
	GlobalSection(ExtensibilityGlobals) = postSolution
		SolutionGuid = {CB960FA5-EEB1-4969-8157-749FAED076A6}
	EndGlobalSection
EndGlobal
